
Microsoft Visual Studio Solution File, Format Version 12.00
# Visual Studio 15
VisualStudioVersion = 15.0.27130.2010
MinimumVisualStudioVersion = 10.0.40219.1
Project("{2150E333-8FDC-42A3-9474-1A3956D46DE8}") = "Test Projects", "Test Projects", "{04E31B18-3993-40A5-A2EE-CD049A794317}"
EndProject
Project("{2150E333-8FDC-42A3-9474-1A3956D46DE8}") = "Service", "Service", "{87CF7E24-3E33-446E-BD69-7B6C66F5633D}"
EndProject
Project("{2150E333-8FDC-42A3-9474-1A3956D46DE8}") = "XamarinClient", "XamarinClient", "{ABC34196-CFDA-4972-A5FB-5E3F72E33A0E}"
EndProject
Project("{FAE04EC0-301F-11D3-BF4B-00C04F79EFBC}") = "ServiceTests", "TestProjects\ServiceTests\ServiceTests.csproj", "{E582E602-BA5E-4912-8C44-58BE98A3AB8D}"
EndProject
Project("{FAE04EC0-301F-11D3-BF4B-00C04F79EFBC}") = "ServiceAbstractions", "Service\ServiceAbstractions\ServiceAbstractions.csproj", "{49809CB0-A007-4186-9BEC-ADBFB95170F2}"
EndProject
Project("{FAE04EC0-301F-11D3-BF4B-00C04F79EFBC}") = "SimpleService", "Service\SimpleService\SimpleService.csproj", "{9519946C-D570-4564-8913-335D5192EC28}"
EndProject
Project("{FAE04EC0-301F-11D3-BF4B-00C04F79EFBC}") = "ServiceHost", "Service\ServiceHost\ServiceHost.csproj", "{C4B5EF07-F02F-43E8-8292-BC4AEFA6F2CF}"
EndProject
Project("{FAE04EC0-301F-11D3-BF4B-00C04F79EFBC}") = "XamarinClient.Android", "XamarinClient\XamarinClient\XamarinClient.Android\XamarinClient.Android.csproj", "{86D39F5F-F4E1-4F45-A835-410BDD8DD179}"
EndProject
Project("{FAE04EC0-301F-11D3-BF4B-00C04F79EFBC}") = "XamarinClient", "XamarinClient\XamarinClient\XamarinClient\XamarinClient.csproj", "{ED8023A7-6485-4CE1-8B41-45E119B8D2E9}"
EndProject
Project("{FAE04EC0-301F-11D3-BF4B-00C04F79EFBC}") = "XamarinClient.iOS", "XamarinClient\XamarinClient\XamarinClient.iOS\XamarinClient.iOS.csproj", "{1B34DCF5-55FC-4496-897F-8BFD65CB0F92}"
EndProject
Project("{FAE04EC0-301F-11D3-BF4B-00C04F79EFBC}") = "SimpleServiceConsoleClient", "SimpleServiceConsoleClient\SimpleServiceConsoleClient.csproj", "{7F5AB774-11FD-45C8-98AA-FCD131D21389}"
EndProject
Global
	GlobalSection(SolutionConfigurationPlatforms) = preSolution
		Ad-Hoc|Any CPU = Ad-Hoc|Any CPU
		Ad-Hoc|ARM = Ad-Hoc|ARM
		Ad-Hoc|iPhone = Ad-Hoc|iPhone
		Ad-Hoc|iPhoneSimulator = Ad-Hoc|iPhoneSimulator
		Ad-Hoc|x64 = Ad-Hoc|x64
		Ad-Hoc|x86 = Ad-Hoc|x86
		AppStore|Any CPU = AppStore|Any CPU
		AppStore|ARM = AppStore|ARM
		AppStore|iPhone = AppStore|iPhone
		AppStore|iPhoneSimulator = AppStore|iPhoneSimulator
		AppStore|x64 = AppStore|x64
		AppStore|x86 = AppStore|x86
		Debug|Any CPU = Debug|Any CPU
		Debug|ARM = Debug|ARM
		Debug|iPhone = Debug|iPhone
		Debug|iPhoneSimulator = Debug|iPhoneSimulator
		Debug|x64 = Debug|x64
		Debug|x86 = Debug|x86
		Release|Any CPU = Release|Any CPU
		Release|ARM = Release|ARM
		Release|iPhone = Release|iPhone
		Release|iPhoneSimulator = Release|iPhoneSimulator
		Release|x64 = Release|x64
		Release|x86 = Release|x86
	EndGlobalSection
	GlobalSection(ProjectConfigurationPlatforms) = postSolution
		{E582E602-BA5E-4912-8C44-58BE98A3AB8D}.Ad-Hoc|Any CPU.ActiveCfg = Release|Any CPU
		{E582E602-BA5E-4912-8C44-58BE98A3AB8D}.Ad-Hoc|Any CPU.Build.0 = Release|Any CPU
		{E582E602-BA5E-4912-8C44-58BE98A3AB8D}.Ad-Hoc|ARM.ActiveCfg = Release|Any CPU
		{E582E602-BA5E-4912-8C44-58BE98A3AB8D}.Ad-Hoc|ARM.Build.0 = Release|Any CPU
		{E582E602-BA5E-4912-8C44-58BE98A3AB8D}.Ad-Hoc|iPhone.ActiveCfg = Release|Any CPU
		{E582E602-BA5E-4912-8C44-58BE98A3AB8D}.Ad-Hoc|iPhone.Build.0 = Release|Any CPU
		{E582E602-BA5E-4912-8C44-58BE98A3AB8D}.Ad-Hoc|iPhoneSimulator.ActiveCfg = Release|Any CPU
		{E582E602-BA5E-4912-8C44-58BE98A3AB8D}.Ad-Hoc|iPhoneSimulator.Build.0 = Release|Any CPU
		{E582E602-BA5E-4912-8C44-58BE98A3AB8D}.Ad-Hoc|x64.ActiveCfg = Release|Any CPU
		{E582E602-BA5E-4912-8C44-58BE98A3AB8D}.Ad-Hoc|x64.Build.0 = Release|Any CPU
		{E582E602-BA5E-4912-8C44-58BE98A3AB8D}.Ad-Hoc|x86.ActiveCfg = Release|Any CPU
		{E582E602-BA5E-4912-8C44-58BE98A3AB8D}.Ad-Hoc|x86.Build.0 = Release|Any CPU
		{E582E602-BA5E-4912-8C44-58BE98A3AB8D}.AppStore|Any CPU.ActiveCfg = Release|Any CPU
		{E582E602-BA5E-4912-8C44-58BE98A3AB8D}.AppStore|Any CPU.Build.0 = Release|Any CPU
		{E582E602-BA5E-4912-8C44-58BE98A3AB8D}.AppStore|ARM.ActiveCfg = Release|Any CPU
		{E582E602-BA5E-4912-8C44-58BE98A3AB8D}.AppStore|ARM.Build.0 = Release|Any CPU
		{E582E602-BA5E-4912-8C44-58BE98A3AB8D}.AppStore|iPhone.ActiveCfg = Release|Any CPU
		{E582E602-BA5E-4912-8C44-58BE98A3AB8D}.AppStore|iPhone.Build.0 = Release|Any CPU
		{E582E602-BA5E-4912-8C44-58BE98A3AB8D}.AppStore|iPhoneSimulator.ActiveCfg = Release|Any CPU
		{E582E602-BA5E-4912-8C44-58BE98A3AB8D}.AppStore|iPhoneSimulator.Build.0 = Release|Any CPU
		{E582E602-BA5E-4912-8C44-58BE98A3AB8D}.AppStore|x64.ActiveCfg = Release|Any CPU
		{E582E602-BA5E-4912-8C44-58BE98A3AB8D}.AppStore|x64.Build.0 = Release|Any CPU
		{E582E602-BA5E-4912-8C44-58BE98A3AB8D}.AppStore|x86.ActiveCfg = Release|Any CPU
		{E582E602-BA5E-4912-8C44-58BE98A3AB8D}.AppStore|x86.Build.0 = Release|Any CPU
		{E582E602-BA5E-4912-8C44-58BE98A3AB8D}.Debug|Any CPU.ActiveCfg = Debug|Any CPU
		{E582E602-BA5E-4912-8C44-58BE98A3AB8D}.Debug|Any CPU.Build.0 = Debug|Any CPU
		{E582E602-BA5E-4912-8C44-58BE98A3AB8D}.Debug|ARM.ActiveCfg = Debug|Any CPU
		{E582E602-BA5E-4912-8C44-58BE98A3AB8D}.Debug|ARM.Build.0 = Debug|Any CPU
		{E582E602-BA5E-4912-8C44-58BE98A3AB8D}.Debug|iPhone.ActiveCfg = Debug|Any CPU
		{E582E602-BA5E-4912-8C44-58BE98A3AB8D}.Debug|iPhone.Build.0 = Debug|Any CPU
		{E582E602-BA5E-4912-8C44-58BE98A3AB8D}.Debug|iPhoneSimulator.ActiveCfg = Debug|Any CPU
		{E582E602-BA5E-4912-8C44-58BE98A3AB8D}.Debug|iPhoneSimulator.Build.0 = Debug|Any CPU
		{E582E602-BA5E-4912-8C44-58BE98A3AB8D}.Debug|x64.ActiveCfg = Debug|Any CPU
		{E582E602-BA5E-4912-8C44-58BE98A3AB8D}.Debug|x64.Build.0 = Debug|Any CPU
		{E582E602-BA5E-4912-8C44-58BE98A3AB8D}.Debug|x86.ActiveCfg = Debug|Any CPU
		{E582E602-BA5E-4912-8C44-58BE98A3AB8D}.Debug|x86.Build.0 = Debug|Any CPU
		{E582E602-BA5E-4912-8C44-58BE98A3AB8D}.Release|Any CPU.ActiveCfg = Release|Any CPU
		{E582E602-BA5E-4912-8C44-58BE98A3AB8D}.Release|Any CPU.Build.0 = Release|Any CPU
		{E582E602-BA5E-4912-8C44-58BE98A3AB8D}.Release|ARM.ActiveCfg = Release|Any CPU
		{E582E602-BA5E-4912-8C44-58BE98A3AB8D}.Release|ARM.Build.0 = Release|Any CPU
		{E582E602-BA5E-4912-8C44-58BE98A3AB8D}.Release|iPhone.ActiveCfg = Release|Any CPU
		{E582E602-BA5E-4912-8C44-58BE98A3AB8D}.Release|iPhone.Build.0 = Release|Any CPU
		{E582E602-BA5E-4912-8C44-58BE98A3AB8D}.Release|iPhoneSimulator.ActiveCfg = Release|Any CPU
		{E582E602-BA5E-4912-8C44-58BE98A3AB8D}.Release|iPhoneSimulator.Build.0 = Release|Any CPU
		{E582E602-BA5E-4912-8C44-58BE98A3AB8D}.Release|x64.ActiveCfg = Release|Any CPU
		{E582E602-BA5E-4912-8C44-58BE98A3AB8D}.Release|x64.Build.0 = Release|Any CPU
		{E582E602-BA5E-4912-8C44-58BE98A3AB8D}.Release|x86.ActiveCfg = Release|Any CPU
		{E582E602-BA5E-4912-8C44-58BE98A3AB8D}.Release|x86.Build.0 = Release|Any CPU
		{49809CB0-A007-4186-9BEC-ADBFB95170F2}.Ad-Hoc|Any CPU.ActiveCfg = Release|Any CPU
		{49809CB0-A007-4186-9BEC-ADBFB95170F2}.Ad-Hoc|Any CPU.Build.0 = Release|Any CPU
		{49809CB0-A007-4186-9BEC-ADBFB95170F2}.Ad-Hoc|ARM.ActiveCfg = Release|Any CPU
		{49809CB0-A007-4186-9BEC-ADBFB95170F2}.Ad-Hoc|ARM.Build.0 = Release|Any CPU
		{49809CB0-A007-4186-9BEC-ADBFB95170F2}.Ad-Hoc|iPhone.ActiveCfg = Release|Any CPU
		{49809CB0-A007-4186-9BEC-ADBFB95170F2}.Ad-Hoc|iPhone.Build.0 = Release|Any CPU
		{49809CB0-A007-4186-9BEC-ADBFB95170F2}.Ad-Hoc|iPhoneSimulator.ActiveCfg = Release|Any CPU
		{49809CB0-A007-4186-9BEC-ADBFB95170F2}.Ad-Hoc|iPhoneSimulator.Build.0 = Release|Any CPU
		{49809CB0-A007-4186-9BEC-ADBFB95170F2}.Ad-Hoc|x64.ActiveCfg = Release|Any CPU
		{49809CB0-A007-4186-9BEC-ADBFB95170F2}.Ad-Hoc|x64.Build.0 = Release|Any CPU
		{49809CB0-A007-4186-9BEC-ADBFB95170F2}.Ad-Hoc|x86.ActiveCfg = Release|Any CPU
		{49809CB0-A007-4186-9BEC-ADBFB95170F2}.Ad-Hoc|x86.Build.0 = Release|Any CPU
		{49809CB0-A007-4186-9BEC-ADBFB95170F2}.AppStore|Any CPU.ActiveCfg = Release|Any CPU
		{49809CB0-A007-4186-9BEC-ADBFB95170F2}.AppStore|Any CPU.Build.0 = Release|Any CPU
		{49809CB0-A007-4186-9BEC-ADBFB95170F2}.AppStore|ARM.ActiveCfg = Release|Any CPU
		{49809CB0-A007-4186-9BEC-ADBFB95170F2}.AppStore|ARM.Build.0 = Release|Any CPU
		{49809CB0-A007-4186-9BEC-ADBFB95170F2}.AppStore|iPhone.ActiveCfg = Release|Any CPU
		{49809CB0-A007-4186-9BEC-ADBFB95170F2}.AppStore|iPhone.Build.0 = Release|Any CPU
		{49809CB0-A007-4186-9BEC-ADBFB95170F2}.AppStore|iPhoneSimulator.ActiveCfg = Release|Any CPU
		{49809CB0-A007-4186-9BEC-ADBFB95170F2}.AppStore|iPhoneSimulator.Build.0 = Release|Any CPU
		{49809CB0-A007-4186-9BEC-ADBFB95170F2}.AppStore|x64.ActiveCfg = Release|Any CPU
		{49809CB0-A007-4186-9BEC-ADBFB95170F2}.AppStore|x64.Build.0 = Release|Any CPU
		{49809CB0-A007-4186-9BEC-ADBFB95170F2}.AppStore|x86.ActiveCfg = Release|Any CPU
		{49809CB0-A007-4186-9BEC-ADBFB95170F2}.AppStore|x86.Build.0 = Release|Any CPU
		{49809CB0-A007-4186-9BEC-ADBFB95170F2}.Debug|Any CPU.ActiveCfg = Debug|Any CPU
		{49809CB0-A007-4186-9BEC-ADBFB95170F2}.Debug|Any CPU.Build.0 = Debug|Any CPU
		{49809CB0-A007-4186-9BEC-ADBFB95170F2}.Debug|ARM.ActiveCfg = Debug|Any CPU
		{49809CB0-A007-4186-9BEC-ADBFB95170F2}.Debug|ARM.Build.0 = Debug|Any CPU
		{49809CB0-A007-4186-9BEC-ADBFB95170F2}.Debug|iPhone.ActiveCfg = Debug|Any CPU
		{49809CB0-A007-4186-9BEC-ADBFB95170F2}.Debug|iPhone.Build.0 = Debug|Any CPU
		{49809CB0-A007-4186-9BEC-ADBFB95170F2}.Debug|iPhoneSimulator.ActiveCfg = Debug|Any CPU
		{49809CB0-A007-4186-9BEC-ADBFB95170F2}.Debug|iPhoneSimulator.Build.0 = Debug|Any CPU
		{49809CB0-A007-4186-9BEC-ADBFB95170F2}.Debug|x64.ActiveCfg = Debug|Any CPU
		{49809CB0-A007-4186-9BEC-ADBFB95170F2}.Debug|x64.Build.0 = Debug|Any CPU
		{49809CB0-A007-4186-9BEC-ADBFB95170F2}.Debug|x86.ActiveCfg = Debug|Any CPU
		{49809CB0-A007-4186-9BEC-ADBFB95170F2}.Debug|x86.Build.0 = Debug|Any CPU
		{49809CB0-A007-4186-9BEC-ADBFB95170F2}.Release|Any CPU.ActiveCfg = Release|Any CPU
		{49809CB0-A007-4186-9BEC-ADBFB95170F2}.Release|Any CPU.Build.0 = Release|Any CPU
		{49809CB0-A007-4186-9BEC-ADBFB95170F2}.Release|ARM.ActiveCfg = Release|Any CPU
		{49809CB0-A007-4186-9BEC-ADBFB95170F2}.Release|ARM.Build.0 = Release|Any CPU
		{49809CB0-A007-4186-9BEC-ADBFB95170F2}.Release|iPhone.ActiveCfg = Release|Any CPU
		{49809CB0-A007-4186-9BEC-ADBFB95170F2}.Release|iPhone.Build.0 = Release|Any CPU
		{49809CB0-A007-4186-9BEC-ADBFB95170F2}.Release|iPhoneSimulator.ActiveCfg = Release|Any CPU
		{49809CB0-A007-4186-9BEC-ADBFB95170F2}.Release|iPhoneSimulator.Build.0 = Release|Any CPU
		{49809CB0-A007-4186-9BEC-ADBFB95170F2}.Release|x64.ActiveCfg = Release|Any CPU
		{49809CB0-A007-4186-9BEC-ADBFB95170F2}.Release|x64.Build.0 = Release|Any CPU
		{49809CB0-A007-4186-9BEC-ADBFB95170F2}.Release|x86.ActiveCfg = Release|Any CPU
		{49809CB0-A007-4186-9BEC-ADBFB95170F2}.Release|x86.Build.0 = Release|Any CPU
		{9519946C-D570-4564-8913-335D5192EC28}.Ad-Hoc|Any CPU.ActiveCfg = Release|Any CPU
		{9519946C-D570-4564-8913-335D5192EC28}.Ad-Hoc|Any CPU.Build.0 = Release|Any CPU
		{9519946C-D570-4564-8913-335D5192EC28}.Ad-Hoc|ARM.ActiveCfg = Release|Any CPU
		{9519946C-D570-4564-8913-335D5192EC28}.Ad-Hoc|ARM.Build.0 = Release|Any CPU
		{9519946C-D570-4564-8913-335D5192EC28}.Ad-Hoc|iPhone.ActiveCfg = Release|Any CPU
		{9519946C-D570-4564-8913-335D5192EC28}.Ad-Hoc|iPhone.Build.0 = Release|Any CPU
		{9519946C-D570-4564-8913-335D5192EC28}.Ad-Hoc|iPhoneSimulator.ActiveCfg = Release|Any CPU
		{9519946C-D570-4564-8913-335D5192EC28}.Ad-Hoc|iPhoneSimulator.Build.0 = Release|Any CPU
		{9519946C-D570-4564-8913-335D5192EC28}.Ad-Hoc|x64.ActiveCfg = Release|Any CPU
		{9519946C-D570-4564-8913-335D5192EC28}.Ad-Hoc|x64.Build.0 = Release|Any CPU
		{9519946C-D570-4564-8913-335D5192EC28}.Ad-Hoc|x86.ActiveCfg = Release|Any CPU
		{9519946C-D570-4564-8913-335D5192EC28}.Ad-Hoc|x86.Build.0 = Release|Any CPU
		{9519946C-D570-4564-8913-335D5192EC28}.AppStore|Any CPU.ActiveCfg = Release|Any CPU
		{9519946C-D570-4564-8913-335D5192EC28}.AppStore|Any CPU.Build.0 = Release|Any CPU
		{9519946C-D570-4564-8913-335D5192EC28}.AppStore|ARM.ActiveCfg = Release|Any CPU
		{9519946C-D570-4564-8913-335D5192EC28}.AppStore|ARM.Build.0 = Release|Any CPU
		{9519946C-D570-4564-8913-335D5192EC28}.AppStore|iPhone.ActiveCfg = Release|Any CPU
		{9519946C-D570-4564-8913-335D5192EC28}.AppStore|iPhone.Build.0 = Release|Any CPU
		{9519946C-D570-4564-8913-335D5192EC28}.AppStore|iPhoneSimulator.ActiveCfg = Release|Any CPU
		{9519946C-D570-4564-8913-335D5192EC28}.AppStore|iPhoneSimulator.Build.0 = Release|Any CPU
		{9519946C-D570-4564-8913-335D5192EC28}.AppStore|x64.ActiveCfg = Release|Any CPU
		{9519946C-D570-4564-8913-335D5192EC28}.AppStore|x64.Build.0 = Release|Any CPU
		{9519946C-D570-4564-8913-335D5192EC28}.AppStore|x86.ActiveCfg = Release|Any CPU
		{9519946C-D570-4564-8913-335D5192EC28}.AppStore|x86.Build.0 = Release|Any CPU
		{9519946C-D570-4564-8913-335D5192EC28}.Debug|Any CPU.ActiveCfg = Debug|Any CPU
		{9519946C-D570-4564-8913-335D5192EC28}.Debug|Any CPU.Build.0 = Debug|Any CPU
		{9519946C-D570-4564-8913-335D5192EC28}.Debug|ARM.ActiveCfg = Debug|Any CPU
		{9519946C-D570-4564-8913-335D5192EC28}.Debug|ARM.Build.0 = Debug|Any CPU
		{9519946C-D570-4564-8913-335D5192EC28}.Debug|iPhone.ActiveCfg = Debug|Any CPU
		{9519946C-D570-4564-8913-335D5192EC28}.Debug|iPhone.Build.0 = Debug|Any CPU
		{9519946C-D570-4564-8913-335D5192EC28}.Debug|iPhoneSimulator.ActiveCfg = Debug|Any CPU
		{9519946C-D570-4564-8913-335D5192EC28}.Debug|iPhoneSimulator.Build.0 = Debug|Any CPU
		{9519946C-D570-4564-8913-335D5192EC28}.Debug|x64.ActiveCfg = Debug|Any CPU
		{9519946C-D570-4564-8913-335D5192EC28}.Debug|x64.Build.0 = Debug|Any CPU
		{9519946C-D570-4564-8913-335D5192EC28}.Debug|x86.ActiveCfg = Debug|Any CPU
		{9519946C-D570-4564-8913-335D5192EC28}.Debug|x86.Build.0 = Debug|Any CPU
		{9519946C-D570-4564-8913-335D5192EC28}.Release|Any CPU.ActiveCfg = Release|Any CPU
		{9519946C-D570-4564-8913-335D5192EC28}.Release|Any CPU.Build.0 = Release|Any CPU
		{9519946C-D570-4564-8913-335D5192EC28}.Release|ARM.ActiveCfg = Release|Any CPU
		{9519946C-D570-4564-8913-335D5192EC28}.Release|ARM.Build.0 = Release|Any CPU
		{9519946C-D570-4564-8913-335D5192EC28}.Release|iPhone.ActiveCfg = Release|Any CPU
		{9519946C-D570-4564-8913-335D5192EC28}.Release|iPhone.Build.0 = Release|Any CPU
		{9519946C-D570-4564-8913-335D5192EC28}.Release|iPhoneSimulator.ActiveCfg = Release|Any CPU
		{9519946C-D570-4564-8913-335D5192EC28}.Release|iPhoneSimulator.Build.0 = Release|Any CPU
		{9519946C-D570-4564-8913-335D5192EC28}.Release|x64.ActiveCfg = Release|Any CPU
		{9519946C-D570-4564-8913-335D5192EC28}.Release|x64.Build.0 = Release|Any CPU
		{9519946C-D570-4564-8913-335D5192EC28}.Release|x86.ActiveCfg = Release|Any CPU
		{9519946C-D570-4564-8913-335D5192EC28}.Release|x86.Build.0 = Release|Any CPU
		{C4B5EF07-F02F-43E8-8292-BC4AEFA6F2CF}.Ad-Hoc|Any CPU.ActiveCfg = Release|Any CPU
		{C4B5EF07-F02F-43E8-8292-BC4AEFA6F2CF}.Ad-Hoc|Any CPU.Build.0 = Release|Any CPU
		{C4B5EF07-F02F-43E8-8292-BC4AEFA6F2CF}.Ad-Hoc|ARM.ActiveCfg = Release|Any CPU
		{C4B5EF07-F02F-43E8-8292-BC4AEFA6F2CF}.Ad-Hoc|ARM.Build.0 = Release|Any CPU
		{C4B5EF07-F02F-43E8-8292-BC4AEFA6F2CF}.Ad-Hoc|iPhone.ActiveCfg = Release|Any CPU
		{C4B5EF07-F02F-43E8-8292-BC4AEFA6F2CF}.Ad-Hoc|iPhone.Build.0 = Release|Any CPU
		{C4B5EF07-F02F-43E8-8292-BC4AEFA6F2CF}.Ad-Hoc|iPhoneSimulator.ActiveCfg = Release|Any CPU
		{C4B5EF07-F02F-43E8-8292-BC4AEFA6F2CF}.Ad-Hoc|iPhoneSimulator.Build.0 = Release|Any CPU
		{C4B5EF07-F02F-43E8-8292-BC4AEFA6F2CF}.Ad-Hoc|x64.ActiveCfg = Release|Any CPU
		{C4B5EF07-F02F-43E8-8292-BC4AEFA6F2CF}.Ad-Hoc|x64.Build.0 = Release|Any CPU
		{C4B5EF07-F02F-43E8-8292-BC4AEFA6F2CF}.Ad-Hoc|x86.ActiveCfg = Release|Any CPU
		{C4B5EF07-F02F-43E8-8292-BC4AEFA6F2CF}.Ad-Hoc|x86.Build.0 = Release|Any CPU
		{C4B5EF07-F02F-43E8-8292-BC4AEFA6F2CF}.AppStore|Any CPU.ActiveCfg = Release|Any CPU
		{C4B5EF07-F02F-43E8-8292-BC4AEFA6F2CF}.AppStore|Any CPU.Build.0 = Release|Any CPU
		{C4B5EF07-F02F-43E8-8292-BC4AEFA6F2CF}.AppStore|ARM.ActiveCfg = Release|Any CPU
		{C4B5EF07-F02F-43E8-8292-BC4AEFA6F2CF}.AppStore|ARM.Build.0 = Release|Any CPU
		{C4B5EF07-F02F-43E8-8292-BC4AEFA6F2CF}.AppStore|iPhone.ActiveCfg = Release|Any CPU
		{C4B5EF07-F02F-43E8-8292-BC4AEFA6F2CF}.AppStore|iPhone.Build.0 = Release|Any CPU
		{C4B5EF07-F02F-43E8-8292-BC4AEFA6F2CF}.AppStore|iPhoneSimulator.ActiveCfg = Release|Any CPU
		{C4B5EF07-F02F-43E8-8292-BC4AEFA6F2CF}.AppStore|iPhoneSimulator.Build.0 = Release|Any CPU
		{C4B5EF07-F02F-43E8-8292-BC4AEFA6F2CF}.AppStore|x64.ActiveCfg = Release|Any CPU
		{C4B5EF07-F02F-43E8-8292-BC4AEFA6F2CF}.AppStore|x64.Build.0 = Release|Any CPU
		{C4B5EF07-F02F-43E8-8292-BC4AEFA6F2CF}.AppStore|x86.ActiveCfg = Release|Any CPU
		{C4B5EF07-F02F-43E8-8292-BC4AEFA6F2CF}.AppStore|x86.Build.0 = Release|Any CPU
		{C4B5EF07-F02F-43E8-8292-BC4AEFA6F2CF}.Debug|Any CPU.ActiveCfg = Debug|Any CPU
		{C4B5EF07-F02F-43E8-8292-BC4AEFA6F2CF}.Debug|Any CPU.Build.0 = Debug|Any CPU
		{C4B5EF07-F02F-43E8-8292-BC4AEFA6F2CF}.Debug|ARM.ActiveCfg = Debug|Any CPU
		{C4B5EF07-F02F-43E8-8292-BC4AEFA6F2CF}.Debug|ARM.Build.0 = Debug|Any CPU
		{C4B5EF07-F02F-43E8-8292-BC4AEFA6F2CF}.Debug|iPhone.ActiveCfg = Debug|Any CPU
		{C4B5EF07-F02F-43E8-8292-BC4AEFA6F2CF}.Debug|iPhone.Build.0 = Debug|Any CPU
		{C4B5EF07-F02F-43E8-8292-BC4AEFA6F2CF}.Debug|iPhoneSimulator.ActiveCfg = Debug|Any CPU
		{C4B5EF07-F02F-43E8-8292-BC4AEFA6F2CF}.Debug|iPhoneSimulator.Build.0 = Debug|Any CPU
		{C4B5EF07-F02F-43E8-8292-BC4AEFA6F2CF}.Debug|x64.ActiveCfg = Debug|Any CPU
		{C4B5EF07-F02F-43E8-8292-BC4AEFA6F2CF}.Debug|x64.Build.0 = Debug|Any CPU
		{C4B5EF07-F02F-43E8-8292-BC4AEFA6F2CF}.Debug|x86.ActiveCfg = Debug|Any CPU
		{C4B5EF07-F02F-43E8-8292-BC4AEFA6F2CF}.Debug|x86.Build.0 = Debug|Any CPU
		{C4B5EF07-F02F-43E8-8292-BC4AEFA6F2CF}.Release|Any CPU.ActiveCfg = Release|Any CPU
		{C4B5EF07-F02F-43E8-8292-BC4AEFA6F2CF}.Release|Any CPU.Build.0 = Release|Any CPU
		{C4B5EF07-F02F-43E8-8292-BC4AEFA6F2CF}.Release|ARM.ActiveCfg = Release|Any CPU
		{C4B5EF07-F02F-43E8-8292-BC4AEFA6F2CF}.Release|ARM.Build.0 = Release|Any CPU
		{C4B5EF07-F02F-43E8-8292-BC4AEFA6F2CF}.Release|iPhone.ActiveCfg = Release|Any CPU
		{C4B5EF07-F02F-43E8-8292-BC4AEFA6F2CF}.Release|iPhone.Build.0 = Release|Any CPU
		{C4B5EF07-F02F-43E8-8292-BC4AEFA6F2CF}.Release|iPhoneSimulator.ActiveCfg = Release|Any CPU
		{C4B5EF07-F02F-43E8-8292-BC4AEFA6F2CF}.Release|iPhoneSimulator.Build.0 = Release|Any CPU
		{C4B5EF07-F02F-43E8-8292-BC4AEFA6F2CF}.Release|x64.ActiveCfg = Release|Any CPU
		{C4B5EF07-F02F-43E8-8292-BC4AEFA6F2CF}.Release|x64.Build.0 = Release|Any CPU
		{C4B5EF07-F02F-43E8-8292-BC4AEFA6F2CF}.Release|x86.ActiveCfg = Release|Any CPU
		{C4B5EF07-F02F-43E8-8292-BC4AEFA6F2CF}.Release|x86.Build.0 = Release|Any CPU
		{86D39F5F-F4E1-4F45-A835-410BDD8DD179}.Ad-Hoc|Any CPU.ActiveCfg = Release|Any CPU
		{86D39F5F-F4E1-4F45-A835-410BDD8DD179}.Ad-Hoc|Any CPU.Build.0 = Release|Any CPU
		{86D39F5F-F4E1-4F45-A835-410BDD8DD179}.Ad-Hoc|Any CPU.Deploy.0 = Release|Any CPU
		{86D39F5F-F4E1-4F45-A835-410BDD8DD179}.Ad-Hoc|ARM.ActiveCfg = Release|Any CPU
		{86D39F5F-F4E1-4F45-A835-410BDD8DD179}.Ad-Hoc|ARM.Build.0 = Release|Any CPU
		{86D39F5F-F4E1-4F45-A835-410BDD8DD179}.Ad-Hoc|ARM.Deploy.0 = Release|Any CPU
		{86D39F5F-F4E1-4F45-A835-410BDD8DD179}.Ad-Hoc|iPhone.ActiveCfg = Release|Any CPU
		{86D39F5F-F4E1-4F45-A835-410BDD8DD179}.Ad-Hoc|iPhone.Build.0 = Release|Any CPU
		{86D39F5F-F4E1-4F45-A835-410BDD8DD179}.Ad-Hoc|iPhone.Deploy.0 = Release|Any CPU
		{86D39F5F-F4E1-4F45-A835-410BDD8DD179}.Ad-Hoc|iPhoneSimulator.ActiveCfg = Release|Any CPU
		{86D39F5F-F4E1-4F45-A835-410BDD8DD179}.Ad-Hoc|iPhoneSimulator.Build.0 = Release|Any CPU
		{86D39F5F-F4E1-4F45-A835-410BDD8DD179}.Ad-Hoc|iPhoneSimulator.Deploy.0 = Release|Any CPU
		{86D39F5F-F4E1-4F45-A835-410BDD8DD179}.Ad-Hoc|x64.ActiveCfg = Release|Any CPU
		{86D39F5F-F4E1-4F45-A835-410BDD8DD179}.Ad-Hoc|x64.Build.0 = Release|Any CPU
		{86D39F5F-F4E1-4F45-A835-410BDD8DD179}.Ad-Hoc|x64.Deploy.0 = Release|Any CPU
		{86D39F5F-F4E1-4F45-A835-410BDD8DD179}.Ad-Hoc|x86.ActiveCfg = Release|Any CPU
		{86D39F5F-F4E1-4F45-A835-410BDD8DD179}.Ad-Hoc|x86.Build.0 = Release|Any CPU
		{86D39F5F-F4E1-4F45-A835-410BDD8DD179}.Ad-Hoc|x86.Deploy.0 = Release|Any CPU
		{86D39F5F-F4E1-4F45-A835-410BDD8DD179}.AppStore|Any CPU.ActiveCfg = Release|Any CPU
		{86D39F5F-F4E1-4F45-A835-410BDD8DD179}.AppStore|Any CPU.Build.0 = Release|Any CPU
		{86D39F5F-F4E1-4F45-A835-410BDD8DD179}.AppStore|Any CPU.Deploy.0 = Release|Any CPU
		{86D39F5F-F4E1-4F45-A835-410BDD8DD179}.AppStore|ARM.ActiveCfg = Release|Any CPU
		{86D39F5F-F4E1-4F45-A835-410BDD8DD179}.AppStore|ARM.Build.0 = Release|Any CPU
		{86D39F5F-F4E1-4F45-A835-410BDD8DD179}.AppStore|ARM.Deploy.0 = Release|Any CPU
		{86D39F5F-F4E1-4F45-A835-410BDD8DD179}.AppStore|iPhone.ActiveCfg = Release|Any CPU
		{86D39F5F-F4E1-4F45-A835-410BDD8DD179}.AppStore|iPhone.Build.0 = Release|Any CPU
		{86D39F5F-F4E1-4F45-A835-410BDD8DD179}.AppStore|iPhone.Deploy.0 = Release|Any CPU
		{86D39F5F-F4E1-4F45-A835-410BDD8DD179}.AppStore|iPhoneSimulator.ActiveCfg = Release|Any CPU
		{86D39F5F-F4E1-4F45-A835-410BDD8DD179}.AppStore|iPhoneSimulator.Build.0 = Release|Any CPU
		{86D39F5F-F4E1-4F45-A835-410BDD8DD179}.AppStore|iPhoneSimulator.Deploy.0 = Release|Any CPU
		{86D39F5F-F4E1-4F45-A835-410BDD8DD179}.AppStore|x64.ActiveCfg = Release|Any CPU
		{86D39F5F-F4E1-4F45-A835-410BDD8DD179}.AppStore|x64.Build.0 = Release|Any CPU
		{86D39F5F-F4E1-4F45-A835-410BDD8DD179}.AppStore|x64.Deploy.0 = Release|Any CPU
		{86D39F5F-F4E1-4F45-A835-410BDD8DD179}.AppStore|x86.ActiveCfg = Release|Any CPU
		{86D39F5F-F4E1-4F45-A835-410BDD8DD179}.AppStore|x86.Build.0 = Release|Any CPU
		{86D39F5F-F4E1-4F45-A835-410BDD8DD179}.AppStore|x86.Deploy.0 = Release|Any CPU
		{86D39F5F-F4E1-4F45-A835-410BDD8DD179}.Debug|Any CPU.ActiveCfg = Debug|Any CPU
		{86D39F5F-F4E1-4F45-A835-410BDD8DD179}.Debug|Any CPU.Build.0 = Debug|Any CPU
		{86D39F5F-F4E1-4F45-A835-410BDD8DD179}.Debug|Any CPU.Deploy.0 = Debug|Any CPU
		{86D39F5F-F4E1-4F45-A835-410BDD8DD179}.Debug|ARM.ActiveCfg = Debug|Any CPU
		{86D39F5F-F4E1-4F45-A835-410BDD8DD179}.Debug|ARM.Build.0 = Debug|Any CPU
		{86D39F5F-F4E1-4F45-A835-410BDD8DD179}.Debug|ARM.Deploy.0 = Debug|Any CPU
		{86D39F5F-F4E1-4F45-A835-410BDD8DD179}.Debug|iPhone.ActiveCfg = Debug|Any CPU
		{86D39F5F-F4E1-4F45-A835-410BDD8DD179}.Debug|iPhone.Build.0 = Debug|Any CPU
		{86D39F5F-F4E1-4F45-A835-410BDD8DD179}.Debug|iPhone.Deploy.0 = Debug|Any CPU
		{86D39F5F-F4E1-4F45-A835-410BDD8DD179}.Debug|iPhoneSimulator.ActiveCfg = Debug|Any CPU
		{86D39F5F-F4E1-4F45-A835-410BDD8DD179}.Debug|iPhoneSimulator.Build.0 = Debug|Any CPU
		{86D39F5F-F4E1-4F45-A835-410BDD8DD179}.Debug|iPhoneSimulator.Deploy.0 = Debug|Any CPU
		{86D39F5F-F4E1-4F45-A835-410BDD8DD179}.Debug|x64.ActiveCfg = Debug|Any CPU
		{86D39F5F-F4E1-4F45-A835-410BDD8DD179}.Debug|x64.Build.0 = Debug|Any CPU
		{86D39F5F-F4E1-4F45-A835-410BDD8DD179}.Debug|x64.Deploy.0 = Debug|Any CPU
		{86D39F5F-F4E1-4F45-A835-410BDD8DD179}.Debug|x86.ActiveCfg = Debug|Any CPU
		{86D39F5F-F4E1-4F45-A835-410BDD8DD179}.Debug|x86.Build.0 = Debug|Any CPU
		{86D39F5F-F4E1-4F45-A835-410BDD8DD179}.Debug|x86.Deploy.0 = Debug|Any CPU
		{86D39F5F-F4E1-4F45-A835-410BDD8DD179}.Release|Any CPU.ActiveCfg = Release|Any CPU
		{86D39F5F-F4E1-4F45-A835-410BDD8DD179}.Release|Any CPU.Build.0 = Release|Any CPU
		{86D39F5F-F4E1-4F45-A835-410BDD8DD179}.Release|Any CPU.Deploy.0 = Release|Any CPU
		{86D39F5F-F4E1-4F45-A835-410BDD8DD179}.Release|ARM.ActiveCfg = Release|Any CPU
		{86D39F5F-F4E1-4F45-A835-410BDD8DD179}.Release|ARM.Build.0 = Release|Any CPU
		{86D39F5F-F4E1-4F45-A835-410BDD8DD179}.Release|ARM.Deploy.0 = Release|Any CPU
		{86D39F5F-F4E1-4F45-A835-410BDD8DD179}.Release|iPhone.ActiveCfg = Release|Any CPU
		{86D39F5F-F4E1-4F45-A835-410BDD8DD179}.Release|iPhone.Build.0 = Release|Any CPU
		{86D39F5F-F4E1-4F45-A835-410BDD8DD179}.Release|iPhone.Deploy.0 = Release|Any CPU
		{86D39F5F-F4E1-4F45-A835-410BDD8DD179}.Release|iPhoneSimulator.ActiveCfg = Release|Any CPU
		{86D39F5F-F4E1-4F45-A835-410BDD8DD179}.Release|iPhoneSimulator.Build.0 = Release|Any CPU
		{86D39F5F-F4E1-4F45-A835-410BDD8DD179}.Release|iPhoneSimulator.Deploy.0 = Release|Any CPU
		{86D39F5F-F4E1-4F45-A835-410BDD8DD179}.Release|x64.ActiveCfg = Release|Any CPU
		{86D39F5F-F4E1-4F45-A835-410BDD8DD179}.Release|x64.Build.0 = Release|Any CPU
		{86D39F5F-F4E1-4F45-A835-410BDD8DD179}.Release|x64.Deploy.0 = Release|Any CPU
		{86D39F5F-F4E1-4F45-A835-410BDD8DD179}.Release|x86.ActiveCfg = Release|Any CPU
		{86D39F5F-F4E1-4F45-A835-410BDD8DD179}.Release|x86.Build.0 = Release|Any CPU
		{86D39F5F-F4E1-4F45-A835-410BDD8DD179}.Release|x86.Deploy.0 = Release|Any CPU
		{ED8023A7-6485-4CE1-8B41-45E119B8D2E9}.Ad-Hoc|Any CPU.ActiveCfg = Release|Any CPU
		{ED8023A7-6485-4CE1-8B41-45E119B8D2E9}.Ad-Hoc|Any CPU.Build.0 = Release|Any CPU
		{ED8023A7-6485-4CE1-8B41-45E119B8D2E9}.Ad-Hoc|ARM.ActiveCfg = Release|Any CPU
		{ED8023A7-6485-4CE1-8B41-45E119B8D2E9}.Ad-Hoc|ARM.Build.0 = Release|Any CPU
		{ED8023A7-6485-4CE1-8B41-45E119B8D2E9}.Ad-Hoc|iPhone.ActiveCfg = Release|Any CPU
		{ED8023A7-6485-4CE1-8B41-45E119B8D2E9}.Ad-Hoc|iPhone.Build.0 = Release|Any CPU
		{ED8023A7-6485-4CE1-8B41-45E119B8D2E9}.Ad-Hoc|iPhoneSimulator.ActiveCfg = Release|Any CPU
		{ED8023A7-6485-4CE1-8B41-45E119B8D2E9}.Ad-Hoc|iPhoneSimulator.Build.0 = Release|Any CPU
		{ED8023A7-6485-4CE1-8B41-45E119B8D2E9}.Ad-Hoc|x64.ActiveCfg = Release|Any CPU
		{ED8023A7-6485-4CE1-8B41-45E119B8D2E9}.Ad-Hoc|x64.Build.0 = Release|Any CPU
		{ED8023A7-6485-4CE1-8B41-45E119B8D2E9}.Ad-Hoc|x86.ActiveCfg = Release|Any CPU
		{ED8023A7-6485-4CE1-8B41-45E119B8D2E9}.Ad-Hoc|x86.Build.0 = Release|Any CPU
		{ED8023A7-6485-4CE1-8B41-45E119B8D2E9}.AppStore|Any CPU.ActiveCfg = Release|Any CPU
		{ED8023A7-6485-4CE1-8B41-45E119B8D2E9}.AppStore|Any CPU.Build.0 = Release|Any CPU
		{ED8023A7-6485-4CE1-8B41-45E119B8D2E9}.AppStore|ARM.ActiveCfg = Release|Any CPU
		{ED8023A7-6485-4CE1-8B41-45E119B8D2E9}.AppStore|ARM.Build.0 = Release|Any CPU
		{ED8023A7-6485-4CE1-8B41-45E119B8D2E9}.AppStore|iPhone.ActiveCfg = Release|Any CPU
		{ED8023A7-6485-4CE1-8B41-45E119B8D2E9}.AppStore|iPhone.Build.0 = Release|Any CPU
		{ED8023A7-6485-4CE1-8B41-45E119B8D2E9}.AppStore|iPhoneSimulator.ActiveCfg = Release|Any CPU
		{ED8023A7-6485-4CE1-8B41-45E119B8D2E9}.AppStore|iPhoneSimulator.Build.0 = Release|Any CPU
		{ED8023A7-6485-4CE1-8B41-45E119B8D2E9}.AppStore|x64.ActiveCfg = Release|Any CPU
		{ED8023A7-6485-4CE1-8B41-45E119B8D2E9}.AppStore|x64.Build.0 = Release|Any CPU
		{ED8023A7-6485-4CE1-8B41-45E119B8D2E9}.AppStore|x86.ActiveCfg = Release|Any CPU
		{ED8023A7-6485-4CE1-8B41-45E119B8D2E9}.AppStore|x86.Build.0 = Release|Any CPU
		{ED8023A7-6485-4CE1-8B41-45E119B8D2E9}.Debug|Any CPU.ActiveCfg = Debug|Any CPU
		{ED8023A7-6485-4CE1-8B41-45E119B8D2E9}.Debug|Any CPU.Build.0 = Debug|Any CPU
		{ED8023A7-6485-4CE1-8B41-45E119B8D2E9}.Debug|ARM.ActiveCfg = Debug|Any CPU
		{ED8023A7-6485-4CE1-8B41-45E119B8D2E9}.Debug|ARM.Build.0 = Debug|Any CPU
		{ED8023A7-6485-4CE1-8B41-45E119B8D2E9}.Debug|iPhone.ActiveCfg = Debug|Any CPU
		{ED8023A7-6485-4CE1-8B41-45E119B8D2E9}.Debug|iPhone.Build.0 = Debug|Any CPU
		{ED8023A7-6485-4CE1-8B41-45E119B8D2E9}.Debug|iPhoneSimulator.ActiveCfg = Debug|Any CPU
		{ED8023A7-6485-4CE1-8B41-45E119B8D2E9}.Debug|iPhoneSimulator.Build.0 = Debug|Any CPU
		{ED8023A7-6485-4CE1-8B41-45E119B8D2E9}.Debug|x64.ActiveCfg = Debug|Any CPU
		{ED8023A7-6485-4CE1-8B41-45E119B8D2E9}.Debug|x64.Build.0 = Debug|Any CPU
		{ED8023A7-6485-4CE1-8B41-45E119B8D2E9}.Debug|x86.ActiveCfg = Debug|Any CPU
		{ED8023A7-6485-4CE1-8B41-45E119B8D2E9}.Debug|x86.Build.0 = Debug|Any CPU
		{ED8023A7-6485-4CE1-8B41-45E119B8D2E9}.Release|Any CPU.ActiveCfg = Release|Any CPU
		{ED8023A7-6485-4CE1-8B41-45E119B8D2E9}.Release|Any CPU.Build.0 = Release|Any CPU
		{ED8023A7-6485-4CE1-8B41-45E119B8D2E9}.Release|ARM.ActiveCfg = Release|Any CPU
		{ED8023A7-6485-4CE1-8B41-45E119B8D2E9}.Release|ARM.Build.0 = Release|Any CPU
		{ED8023A7-6485-4CE1-8B41-45E119B8D2E9}.Release|iPhone.ActiveCfg = Release|Any CPU
		{ED8023A7-6485-4CE1-8B41-45E119B8D2E9}.Release|iPhone.Build.0 = Release|Any CPU
		{ED8023A7-6485-4CE1-8B41-45E119B8D2E9}.Release|iPhoneSimulator.ActiveCfg = Release|Any CPU
		{ED8023A7-6485-4CE1-8B41-45E119B8D2E9}.Release|iPhoneSimulator.Build.0 = Release|Any CPU
		{ED8023A7-6485-4CE1-8B41-45E119B8D2E9}.Release|x64.ActiveCfg = Release|Any CPU
		{ED8023A7-6485-4CE1-8B41-45E119B8D2E9}.Release|x64.Build.0 = Release|Any CPU
		{ED8023A7-6485-4CE1-8B41-45E119B8D2E9}.Release|x86.ActiveCfg = Release|Any CPU
		{ED8023A7-6485-4CE1-8B41-45E119B8D2E9}.Release|x86.Build.0 = Release|Any CPU
		{1B34DCF5-55FC-4496-897F-8BFD65CB0F92}.Ad-Hoc|Any CPU.ActiveCfg = Ad-Hoc|iPhone
		{1B34DCF5-55FC-4496-897F-8BFD65CB0F92}.Ad-Hoc|ARM.ActiveCfg = Ad-Hoc|iPhone
		{1B34DCF5-55FC-4496-897F-8BFD65CB0F92}.Ad-Hoc|iPhone.ActiveCfg = Ad-Hoc|iPhone
		{1B34DCF5-55FC-4496-897F-8BFD65CB0F92}.Ad-Hoc|iPhone.Build.0 = Ad-Hoc|iPhone
		{1B34DCF5-55FC-4496-897F-8BFD65CB0F92}.Ad-Hoc|iPhoneSimulator.ActiveCfg = Ad-Hoc|iPhoneSimulator
		{1B34DCF5-55FC-4496-897F-8BFD65CB0F92}.Ad-Hoc|iPhoneSimulator.Build.0 = Ad-Hoc|iPhoneSimulator
		{1B34DCF5-55FC-4496-897F-8BFD65CB0F92}.Ad-Hoc|x64.ActiveCfg = Ad-Hoc|iPhone
		{1B34DCF5-55FC-4496-897F-8BFD65CB0F92}.Ad-Hoc|x86.ActiveCfg = Ad-Hoc|iPhone
		{1B34DCF5-55FC-4496-897F-8BFD65CB0F92}.AppStore|Any CPU.ActiveCfg = AppStore|iPhone
		{1B34DCF5-55FC-4496-897F-8BFD65CB0F92}.AppStore|ARM.ActiveCfg = AppStore|iPhone
		{1B34DCF5-55FC-4496-897F-8BFD65CB0F92}.AppStore|iPhone.ActiveCfg = AppStore|iPhone
		{1B34DCF5-55FC-4496-897F-8BFD65CB0F92}.AppStore|iPhone.Build.0 = AppStore|iPhone
		{1B34DCF5-55FC-4496-897F-8BFD65CB0F92}.AppStore|iPhoneSimulator.ActiveCfg = AppStore|iPhoneSimulator
		{1B34DCF5-55FC-4496-897F-8BFD65CB0F92}.AppStore|iPhoneSimulator.Build.0 = AppStore|iPhoneSimulator
		{1B34DCF5-55FC-4496-897F-8BFD65CB0F92}.AppStore|x64.ActiveCfg = AppStore|iPhone
		{1B34DCF5-55FC-4496-897F-8BFD65CB0F92}.AppStore|x86.ActiveCfg = AppStore|iPhone
		{1B34DCF5-55FC-4496-897F-8BFD65CB0F92}.Debug|Any CPU.ActiveCfg = Debug|iPhone
		{1B34DCF5-55FC-4496-897F-8BFD65CB0F92}.Debug|ARM.ActiveCfg = Debug|iPhone
		{1B34DCF5-55FC-4496-897F-8BFD65CB0F92}.Debug|iPhone.ActiveCfg = Debug|iPhone
		{1B34DCF5-55FC-4496-897F-8BFD65CB0F92}.Debug|iPhone.Build.0 = Debug|iPhone
		{1B34DCF5-55FC-4496-897F-8BFD65CB0F92}.Debug|iPhoneSimulator.ActiveCfg = Debug|iPhoneSimulator
		{1B34DCF5-55FC-4496-897F-8BFD65CB0F92}.Debug|iPhoneSimulator.Build.0 = Debug|iPhoneSimulator
		{1B34DCF5-55FC-4496-897F-8BFD65CB0F92}.Debug|x64.ActiveCfg = Debug|iPhone
		{1B34DCF5-55FC-4496-897F-8BFD65CB0F92}.Debug|x86.ActiveCfg = Debug|iPhone
		{1B34DCF5-55FC-4496-897F-8BFD65CB0F92}.Release|Any CPU.ActiveCfg = Release|iPhone
		{1B34DCF5-55FC-4496-897F-8BFD65CB0F92}.Release|ARM.ActiveCfg = Release|iPhone
		{1B34DCF5-55FC-4496-897F-8BFD65CB0F92}.Release|iPhone.ActiveCfg = Release|iPhone
		{1B34DCF5-55FC-4496-897F-8BFD65CB0F92}.Release|iPhone.Build.0 = Release|iPhone
		{1B34DCF5-55FC-4496-897F-8BFD65CB0F92}.Release|iPhoneSimulator.ActiveCfg = Release|iPhoneSimulator
		{1B34DCF5-55FC-4496-897F-8BFD65CB0F92}.Release|iPhoneSimulator.Build.0 = Release|iPhoneSimulator
		{1B34DCF5-55FC-4496-897F-8BFD65CB0F92}.Release|x64.ActiveCfg = Release|iPhone
		{1B34DCF5-55FC-4496-897F-8BFD65CB0F92}.Release|x86.ActiveCfg = Release|iPhone
		{7F5AB774-11FD-45C8-98AA-FCD131D21389}.Ad-Hoc|Any CPU.ActiveCfg = Release|Any CPU
		{7F5AB774-11FD-45C8-98AA-FCD131D21389}.Ad-Hoc|Any CPU.Build.0 = Release|Any CPU
		{7F5AB774-11FD-45C8-98AA-FCD131D21389}.Ad-Hoc|ARM.ActiveCfg = Release|Any CPU
		{7F5AB774-11FD-45C8-98AA-FCD131D21389}.Ad-Hoc|ARM.Build.0 = Release|Any CPU
		{7F5AB774-11FD-45C8-98AA-FCD131D21389}.Ad-Hoc|iPhone.ActiveCfg = Release|Any CPU
		{7F5AB774-11FD-45C8-98AA-FCD131D21389}.Ad-Hoc|iPhone.Build.0 = Release|Any CPU
		{7F5AB774-11FD-45C8-98AA-FCD131D21389}.Ad-Hoc|iPhoneSimulator.ActiveCfg = Release|Any CPU
		{7F5AB774-11FD-45C8-98AA-FCD131D21389}.Ad-Hoc|iPhoneSimulator.Build.0 = Release|Any CPU
		{7F5AB774-11FD-45C8-98AA-FCD131D21389}.Ad-Hoc|x64.ActiveCfg = Release|Any CPU
		{7F5AB774-11FD-45C8-98AA-FCD131D21389}.Ad-Hoc|x64.Build.0 = Release|Any CPU
		{7F5AB774-11FD-45C8-98AA-FCD131D21389}.Ad-Hoc|x86.ActiveCfg = Release|Any CPU
		{7F5AB774-11FD-45C8-98AA-FCD131D21389}.Ad-Hoc|x86.Build.0 = Release|Any CPU
		{7F5AB774-11FD-45C8-98AA-FCD131D21389}.AppStore|Any CPU.ActiveCfg = Release|Any CPU
		{7F5AB774-11FD-45C8-98AA-FCD131D21389}.AppStore|Any CPU.Build.0 = Release|Any CPU
		{7F5AB774-11FD-45C8-98AA-FCD131D21389}.AppStore|ARM.ActiveCfg = Release|Any CPU
		{7F5AB774-11FD-45C8-98AA-FCD131D21389}.AppStore|ARM.Build.0 = Release|Any CPU
		{7F5AB774-11FD-45C8-98AA-FCD131D21389}.AppStore|iPhone.ActiveCfg = Release|Any CPU
		{7F5AB774-11FD-45C8-98AA-FCD131D21389}.AppStore|iPhone.Build.0 = Release|Any CPU
		{7F5AB774-11FD-45C8-98AA-FCD131D21389}.AppStore|iPhoneSimulator.ActiveCfg = Release|Any CPU
		{7F5AB774-11FD-45C8-98AA-FCD131D21389}.AppStore|iPhoneSimulator.Build.0 = Release|Any CPU
		{7F5AB774-11FD-45C8-98AA-FCD131D21389}.AppStore|x64.ActiveCfg = Release|Any CPU
		{7F5AB774-11FD-45C8-98AA-FCD131D21389}.AppStore|x64.Build.0 = Release|Any CPU
		{7F5AB774-11FD-45C8-98AA-FCD131D21389}.AppStore|x86.ActiveCfg = Release|Any CPU
		{7F5AB774-11FD-45C8-98AA-FCD131D21389}.AppStore|x86.Build.0 = Release|Any CPU
		{7F5AB774-11FD-45C8-98AA-FCD131D21389}.Debug|Any CPU.ActiveCfg = Debug|Any CPU
		{7F5AB774-11FD-45C8-98AA-FCD131D21389}.Debug|Any CPU.Build.0 = Debug|Any CPU
		{7F5AB774-11FD-45C8-98AA-FCD131D21389}.Debug|ARM.ActiveCfg = Debug|Any CPU
		{7F5AB774-11FD-45C8-98AA-FCD131D21389}.Debug|ARM.Build.0 = Debug|Any CPU
		{7F5AB774-11FD-45C8-98AA-FCD131D21389}.Debug|iPhone.ActiveCfg = Debug|Any CPU
		{7F5AB774-11FD-45C8-98AA-FCD131D21389}.Debug|iPhone.Build.0 = Debug|Any CPU
		{7F5AB774-11FD-45C8-98AA-FCD131D21389}.Debug|iPhoneSimulator.ActiveCfg = Debug|Any CPU
		{7F5AB774-11FD-45C8-98AA-FCD131D21389}.Debug|iPhoneSimulator.Build.0 = Debug|Any CPU
		{7F5AB774-11FD-45C8-98AA-FCD131D21389}.Debug|x64.ActiveCfg = Debug|Any CPU
		{7F5AB774-11FD-45C8-98AA-FCD131D21389}.Debug|x64.Build.0 = Debug|Any CPU
		{7F5AB774-11FD-45C8-98AA-FCD131D21389}.Debug|x86.ActiveCfg = Debug|Any CPU
		{7F5AB774-11FD-45C8-98AA-FCD131D21389}.Debug|x86.Build.0 = Debug|Any CPU
		{7F5AB774-11FD-45C8-98AA-FCD131D21389}.Release|Any CPU.ActiveCfg = Release|Any CPU
		{7F5AB774-11FD-45C8-98AA-FCD131D21389}.Release|Any CPU.Build.0 = Release|Any CPU
		{7F5AB774-11FD-45C8-98AA-FCD131D21389}.Release|ARM.ActiveCfg = Release|Any CPU
		{7F5AB774-11FD-45C8-98AA-FCD131D21389}.Release|ARM.Build.0 = Release|Any CPU
		{7F5AB774-11FD-45C8-98AA-FCD131D21389}.Release|iPhone.ActiveCfg = Release|Any CPU
		{7F5AB774-11FD-45C8-98AA-FCD131D21389}.Release|iPhone.Build.0 = Release|Any CPU
		{7F5AB774-11FD-45C8-98AA-FCD131D21389}.Release|iPhoneSimulator.ActiveCfg = Release|Any CPU
		{7F5AB774-11FD-45C8-98AA-FCD131D21389}.Release|iPhoneSimulator.Build.0 = Release|Any CPU
		{7F5AB774-11FD-45C8-98AA-FCD131D21389}.Release|x64.ActiveCfg = Release|Any CPU
		{7F5AB774-11FD-45C8-98AA-FCD131D21389}.Release|x64.Build.0 = Release|Any CPU
		{7F5AB774-11FD-45C8-98AA-FCD131D21389}.Release|x86.ActiveCfg = Release|Any CPU
		{7F5AB774-11FD-45C8-98AA-FCD131D21389}.Release|x86.Build.0 = Release|Any CPU
	EndGlobalSection
	GlobalSection(SolutionProperties) = preSolution
		HideSolutionNode = FALSE
	EndGlobalSection
	GlobalSection(NestedProjects) = preSolution
		{E582E602-BA5E-4912-8C44-58BE98A3AB8D} = {04E31B18-3993-40A5-A2EE-CD049A794317}
		{49809CB0-A007-4186-9BEC-ADBFB95170F2} = {87CF7E24-3E33-446E-BD69-7B6C66F5633D}
		{9519946C-D570-4564-8913-335D5192EC28} = {87CF7E24-3E33-446E-BD69-7B6C66F5633D}
		{C4B5EF07-F02F-43E8-8292-BC4AEFA6F2CF} = {87CF7E24-3E33-446E-BD69-7B6C66F5633D}
		{86D39F5F-F4E1-4F45-A835-410BDD8DD179} = {ABC34196-CFDA-4972-A5FB-5E3F72E33A0E}
		{ED8023A7-6485-4CE1-8B41-45E119B8D2E9} = {ABC34196-CFDA-4972-A5FB-5E3F72E33A0E}
		{1B34DCF5-55FC-4496-897F-8BFD65CB0F92} = {ABC34196-CFDA-4972-A5FB-5E3F72E33A0E}
		{7F5AB774-11FD-45C8-98AA-FCD131D21389} = {04E31B18-3993-40A5-A2EE-CD049A794317}
	EndGlobalSection
	GlobalSection(ExtensibilityGlobals) = postSolution
		SolutionGuid = {A1516581-CDCC-483F-A5FA-018221A7B215}
	EndGlobalSection
EndGlobal
